# THIS IS AN AUTOGENERATED FILE. DO NOT EDIT THIS FILE DIRECTLY.
# yarn lockfile v1


"@expo/vector-icons@^13.0.0":
  version "13.0.0"
  resolved "https://registry.yarnpkg.com/@expo/vector-icons/-/vector-icons-13.0.0.tgz#e2989b85e95a82bce216f88cf8fb583ab050ec95"
  integrity sha512-TI+l71+5aSKnShYclFa14Kum+hQMZ86b95SH6tQUG3qZEmLTarvWpKwqtTwQKqvlJSJrpFiSFu3eCuZokY6zWA==
